
Microsoft Visual Studio Solution File, Format Version 12.00
# Visual Studio Version 17
VisualStudioVersion = 17.5.002.0
MinimumVisualStudioVersion = 10.0.40219.1
Project("{2150E333-8FDC-42A3-9474-1A3956D46DE8}") = "prepare", "prepare", "{A14EEDA6-AD2C-4EA0-B34F-55F2BBBE5CB4}"
EndProject
Project("{9A19103F-16F7-4668-BE54-9A1E7A4F7556}") = "Learning02", "prepare\Learning02\Learning02.csproj", "{4538E77E-B2E6-4C38-A98F-46A4EDEA959F}"
EndProject
Project("{9A19103F-16F7-4668-BE54-9A1E7A4F7556}") = "Learning05", "prepare\Learning05\Learning05.csproj", "{957147B7-FFC5-4A78-924E-958F3427A95B}"
EndProject
Project("{9A19103F-16F7-4668-BE54-9A1E7A4F7556}") = "Learning04", "prepare\Learning04\Learning04.csproj", "{562ECFCA-A89A-4C8E-8ED1-010737656BD3}"
EndProject
Project("{9A19103F-16F7-4668-BE54-9A1E7A4F7556}") = "Learning03", "prepare\Learning03\Learning03.csproj", "{6CF19DF9-7A97-4458-8040-3C79C0E57B83}"
EndProject
Project("{2150E333-8FDC-42A3-9474-1A3956D46DE8}") = "prove", "prove", "{4EE69F34-9D2E-4E37-AFB8-69A779EFFCE5}"
EndProject
Project("{9A19103F-16F7-4668-BE54-9A1E7A4F7556}") = "Develop03", "prove\Develop03\Develop03.csproj", "{C79862AA-B8EA-4A43-AF2F-63214ED8BBBA}"
EndProject
Project("{9A19103F-16F7-4668-BE54-9A1E7A4F7556}") = "Develop04", "prove\Develop04\Develop04.csproj", "{0BBF0B5A-9B86-414E-A89E-D9156423C8AC}"
EndProject
Project("{9A19103F-16F7-4668-BE54-9A1E7A4F7556}") = "Develop05", "prove\Develop05\Develop05.csproj", "{B89C467B-01F7-45C7-BAC5-16D5D7617515}"
EndProject
Project("{9A19103F-16F7-4668-BE54-9A1E7A4F7556}") = "Develop02", "prove\Develop02\Develop02.csproj", "{B2CE9F55-BCC7-420E-B1A7-DE3CD59C05C1}"
EndProject
Project("{2150E333-8FDC-42A3-9474-1A3956D46DE8}") = "sandbox", "sandbox", "{9041D0F7-CBDC-4F7A-A70F-00E46FF751F5}"
EndProject
Project("{9A19103F-16F7-4668-BE54-9A1E7A4F7556}") = "Sandbox", "sandbox\Sandbox\Sandbox.csproj", "{165617FA-ED29-4383-859E-5EB503A0F950}"
EndProject
Project("{2150E333-8FDC-42A3-9474-1A3956D46DE8}") = "final", "final", "{06FED049-CC6A-4187-9A7A-19580D819757}"
EndProject
Project("{9A19103F-16F7-4668-BE54-9A1E7A4F7556}") = "FinalProject", "final\FinalProject\FinalProject.csproj", "{A2A4199E-6F99-492C-9667-DDEDCFE21E4D}"
EndProject
Project("{9A19103F-16F7-4668-BE54-9A1E7A4F7556}") = "Foundation1", "final\Foundation1\Foundation1.csproj", "{6D81872A-116B-48ED-A30F-FC5BB36D4009}"
EndProject
Project("{9A19103F-16F7-4668-BE54-9A1E7A4F7556}") = "Foundation4", "final\Foundation4\Foundation4.csproj", "{B3617506-3BDC-4AF3-A4D1-9544B55493F7}"
EndProject
Project("{9A19103F-16F7-4668-BE54-9A1E7A4F7556}") = "Foundation3", "final\Foundation3\Foundation3.csproj", "{974921A1-F79D-40B9-A8EC-B2B1B4200A67}"
EndProject
Project("{9A19103F-16F7-4668-BE54-9A1E7A4F7556}") = "Foundation2", "final\Foundation2\Foundation2.csproj", "{4A9113DE-4209-4E2A-B10A-E3AD3A627DAB}"
EndProject
Project("{2150E333-8FDC-42A3-9474-1A3956D46DE8}") = "csharp-prep", "csharp-prep", "{12017E4B-E40A-4760-8FFA-1E7DD82E8B47}"
EndProject
Project("{9A19103F-16F7-4668-BE54-9A1E7A4F7556}") = "Prep1", "csharp-prep\Prep1\Prep1.csproj", "{EC75B9BF-CD25-4B11-BB0E-9C8EBADE3FA8}"
EndProject
Project("{9A19103F-16F7-4668-BE54-9A1E7A4F7556}") = "Prep5", "csharp-prep\Prep5\Prep5.csproj", "{223AA3DE-6FE9-4907-B8A7-0D92E9BE38A4}"
EndProject
Project("{9A19103F-16F7-4668-BE54-9A1E7A4F7556}") = "Prep2", "csharp-prep\Prep2\Prep2.csproj", "{53B29EFF-3A1A-48A2-A502-5DF207106B5F}"
EndProject
Project("{9A19103F-16F7-4668-BE54-9A1E7A4F7556}") = "Prep3", "csharp-prep\Prep3\Prep3.csproj", "{FC6E7542-9192-454D-9A2A-44BBA807D724}"
EndProject
Project("{9A19103F-16F7-4668-BE54-9A1E7A4F7556}") = "Prep4", "csharp-prep\Prep4\Prep4.csproj", "{C583EFF8-203A-4755-AFBC-160AFB52FB2A}"
EndProject
Global
	GlobalSection(SolutionConfigurationPlatforms) = preSolution
		Debug|Any CPU = Debug|Any CPU
		Release|Any CPU = Release|Any CPU
	EndGlobalSection
	GlobalSection(ProjectConfigurationPlatforms) = postSolution
		{4538E77E-B2E6-4C38-A98F-46A4EDEA959F}.Debug|Any CPU.ActiveCfg = Debug|Any CPU
		{4538E77E-B2E6-4C38-A98F-46A4EDEA959F}.Debug|Any CPU.Build.0 = Debug|Any CPU
		{4538E77E-B2E6-4C38-A98F-46A4EDEA959F}.Release|Any CPU.ActiveCfg = Release|Any CPU
		{4538E77E-B2E6-4C38-A98F-46A4EDEA959F}.Release|Any CPU.Build.0 = Release|Any CPU
		{957147B7-FFC5-4A78-924E-958F3427A95B}.Debug|Any CPU.ActiveCfg = Debug|Any CPU
		{957147B7-FFC5-4A78-924E-958F3427A95B}.Debug|Any CPU.Build.0 = Debug|Any CPU
		{957147B7-FFC5-4A78-924E-958F3427A95B}.Release|Any CPU.ActiveCfg = Release|Any CPU
		{957147B7-FFC5-4A78-924E-958F3427A95B}.Release|Any CPU.Build.0 = Release|Any CPU
		{562ECFCA-A89A-4C8E-8ED1-010737656BD3}.Debug|Any CPU.ActiveCfg = Debug|Any CPU
		{562ECFCA-A89A-4C8E-8ED1-010737656BD3}.Debug|Any CPU.Build.0 = Debug|Any CPU
		{562ECFCA-A89A-4C8E-8ED1-010737656BD3}.Release|Any CPU.ActiveCfg = Release|Any CPU
		{562ECFCA-A89A-4C8E-8ED1-010737656BD3}.Release|Any CPU.Build.0 = Release|Any CPU
		{6CF19DF9-7A97-4458-8040-3C79C0E57B83}.Debug|Any CPU.ActiveCfg = Debug|Any CPU
		{6CF19DF9-7A97-4458-8040-3C79C0E57B83}.Debug|Any CPU.Build.0 = Debug|Any CPU
		{6CF19DF9-7A97-4458-8040-3C79C0E57B83}.Release|Any CPU.ActiveCfg = Release|Any CPU
		{6CF19DF9-7A97-4458-8040-3C79C0E57B83}.Release|Any CPU.Build.0 = Release|Any CPU
		{C79862AA-B8EA-4A43-AF2F-63214ED8BBBA}.Debug|Any CPU.ActiveCfg = Debug|Any CPU
		{C79862AA-B8EA-4A43-AF2F-63214ED8BBBA}.Debug|Any CPU.Build.0 = Debug|Any CPU
		{C79862AA-B8EA-4A43-AF2F-63214ED8BBBA}.Release|Any CPU.ActiveCfg = Release|Any CPU
		{C79862AA-B8EA-4A43-AF2F-63214ED8BBBA}.Release|Any CPU.Build.0 = Release|Any CPU
		{0BBF0B5A-9B86-414E-A89E-D9156423C8AC}.Debug|Any CPU.ActiveCfg = Debug|Any CPU
		{0BBF0B5A-9B86-414E-A89E-D9156423C8AC}.Debug|Any CPU.Build.0 = Debug|Any CPU
		{0BBF0B5A-9B86-414E-A89E-D9156423C8AC}.Release|Any CPU.ActiveCfg = Release|Any CPU
		{0BBF0B5A-9B86-414E-A89E-D9156423C8AC}.Release|Any CPU.Build.0 = Release|Any CPU
		{B89C467B-01F7-45C7-BAC5-16D5D7617515}.Debug|Any CPU.ActiveCfg = Debug|Any CPU
		{B89C467B-01F7-45C7-BAC5-16D5D7617515}.Debug|Any CPU.Build.0 = Debug|Any CPU
		{B89C467B-01F7-45C7-BAC5-16D5D7617515}.Release|Any CPU.ActiveCfg = Release|Any CPU
		{B89C467B-01F7-45C7-BAC5-16D5D7617515}.Release|Any CPU.Build.0 = Release|Any CPU
		{B2CE9F55-BCC7-420E-B1A7-DE3CD59C05C1}.Debug|Any CPU.ActiveCfg = Debug|Any CPU
		{B2CE9F55-BCC7-420E-B1A7-DE3CD59C05C1}.Debug|Any CPU.Build.0 = Debug|Any CPU
		{B2CE9F55-BCC7-420E-B1A7-DE3CD59C05C1}.Release|Any CPU.ActiveCfg = Release|Any CPU
		{B2CE9F55-BCC7-420E-B1A7-DE3CD59C05C1}.Release|Any CPU.Build.0 = Release|Any CPU
		{165617FA-ED29-4383-859E-5EB503A0F950}.Debug|Any CPU.ActiveCfg = Debug|Any CPU
		{165617FA-ED29-4383-859E-5EB503A0F950}.Debug|Any CPU.Build.0 = Debug|Any CPU
		{165617FA-ED29-4383-859E-5EB503A0F950}.Release|Any CPU.ActiveCfg = Release|Any CPU
		{165617FA-ED29-4383-859E-5EB503A0F950}.Release|Any CPU.Build.0 = Release|Any CPU
		{A2A4199E-6F99-492C-9667-DDEDCFE21E4D}.Debug|Any CPU.ActiveCfg = Debug|Any CPU
		{A2A4199E-6F99-492C-9667-DDEDCFE21E4D}.Debug|Any CPU.Build.0 = Debug|Any CPU
		{A2A4199E-6F99-492C-9667-DDEDCFE21E4D}.Release|Any CPU.ActiveCfg = Release|Any CPU
		{A2A4199E-6F99-492C-9667-DDEDCFE21E4D}.Release|Any CPU.Build.0 = Release|Any CPU
		{6D81872A-116B-48ED-A30F-FC5BB36D4009}.Debug|Any CPU.ActiveCfg = Debug|Any CPU
		{6D81872A-116B-48ED-A30F-FC5BB36D4009}.Debug|Any CPU.Build.0 = Debug|Any CPU
		{6D81872A-116B-48ED-A30F-FC5BB36D4009}.Release|Any CPU.ActiveCfg = Release|Any CPU
		{6D81872A-116B-48ED-A30F-FC5BB36D4009}.Release|Any CPU.Build.0 = Release|Any CPU
		{B3617506-3BDC-4AF3-A4D1-9544B55493F7}.Debug|Any CPU.ActiveCfg = Debug|Any CPU
		{B3617506-3BDC-4AF3-A4D1-9544B55493F7}.Debug|Any CPU.Build.0 = Debug|Any CPU
		{B3617506-3BDC-4AF3-A4D1-9544B55493F7}.Release|Any CPU.ActiveCfg = Release|Any CPU
		{B3617506-3BDC-4AF3-A4D1-9544B55493F7}.Release|Any CPU.Build.0 = Release|Any CPU
		{974921A1-F79D-40B9-A8EC-B2B1B4200A67}.Debug|Any CPU.ActiveCfg = Debug|Any CPU
		{974921A1-F79D-40B9-A8EC-B2B1B4200A67}.Debug|Any CPU.Build.0 = Debug|Any CPU
		{974921A1-F79D-40B9-A8EC-B2B1B4200A67}.Release|Any CPU.ActiveCfg = Release|Any CPU
		{974921A1-F79D-40B9-A8EC-B2B1B4200A67}.Release|Any CPU.Build.0 = Release|Any CPU
		{4A9113DE-4209-4E2A-B10A-E3AD3A627DAB}.Debug|Any CPU.ActiveCfg = Debug|Any CPU
		{4A9113DE-4209-4E2A-B10A-E3AD3A627DAB}.Debug|Any CPU.Build.0 = Debug|Any CPU
		{4A9113DE-4209-4E2A-B10A-E3AD3A627DAB}.Release|Any CPU.ActiveCfg = Release|Any CPU
		{4A9113DE-4209-4E2A-B10A-E3AD3A627DAB}.Release|Any CPU.Build.0 = Release|Any CPU
		{EC75B9BF-CD25-4B11-BB0E-9C8EBADE3FA8}.Debug|Any CPU.ActiveCfg = Debug|Any CPU
		{EC75B9BF-CD25-4B11-BB0E-9C8EBADE3FA8}.Debug|Any CPU.Build.0 = Debug|Any CPU
		{EC75B9BF-CD25-4B11-BB0E-9C8EBADE3FA8}.Release|Any CPU.ActiveCfg = Release|Any CPU
		{EC75B9BF-CD25-4B11-BB0E-9C8EBADE3FA8}.Release|Any CPU.Build.0 = Release|Any CPU
		{223AA3DE-6FE9-4907-B8A7-0D92E9BE38A4}.Debug|Any CPU.ActiveCfg = Debug|Any CPU
		{223AA3DE-6FE9-4907-B8A7-0D92E9BE38A4}.Debug|Any CPU.Build.0 = Debug|Any CPU
		{223AA3DE-6FE9-4907-B8A7-0D92E9BE38A4}.Release|Any CPU.ActiveCfg = Release|Any CPU
		{223AA3DE-6FE9-4907-B8A7-0D92E9BE38A4}.Release|Any CPU.Build.0 = Release|Any CPU
		{53B29EFF-3A1A-48A2-A502-5DF207106B5F}.Debug|Any CPU.ActiveCfg = Debug|Any CPU
		{53B29EFF-3A1A-48A2-A502-5DF207106B5F}.Debug|Any CPU.Build.0 = Debug|Any CPU
		{53B29EFF-3A1A-48A2-A502-5DF207106B5F}.Release|Any CPU.ActiveCfg = Release|Any CPU
		{53B29EFF-3A1A-48A2-A502-5DF207106B5F}.Release|Any CPU.Build.0 = Release|Any CPU
		{FC6E7542-9192-454D-9A2A-44BBA807D724}.Debug|Any CPU.ActiveCfg = Debug|Any CPU
		{FC6E7542-9192-454D-9A2A-44BBA807D724}.Debug|Any CPU.Build.0 = Debug|Any CPU
		{FC6E7542-9192-454D-9A2A-44BBA807D724}.Release|Any CPU.ActiveCfg = Release|Any CPU
		{FC6E7542-9192-454D-9A2A-44BBA807D724}.Release|Any CPU.Build.0 = Release|Any CPU
		{C583EFF8-203A-4755-AFBC-160AFB52FB2A}.Debug|Any CPU.ActiveCfg = Debug|Any CPU
		{C583EFF8-203A-4755-AFBC-160AFB52FB2A}.Debug|Any CPU.Build.0 = Debug|Any CPU
		{C583EFF8-203A-4755-AFBC-160AFB52FB2A}.Release|Any CPU.ActiveCfg = Release|Any CPU
		{C583EFF8-203A-4755-AFBC-160AFB52FB2A}.Release|Any CPU.Build.0 = Release|Any CPU
	EndGlobalSection
	GlobalSection(SolutionProperties) = preSolution
		HideSolutionNode = FALSE
	EndGlobalSection
	GlobalSection(NestedProjects) = preSolution
		{4538E77E-B2E6-4C38-A98F-46A4EDEA959F} = {A14EEDA6-AD2C-4EA0-B34F-55F2BBBE5CB4}
		{957147B7-FFC5-4A78-924E-958F3427A95B} = {A14EEDA6-AD2C-4EA0-B34F-55F2BBBE5CB4}
		{562ECFCA-A89A-4C8E-8ED1-010737656BD3} = {A14EEDA6-AD2C-4EA0-B34F-55F2BBBE5CB4}
		{6CF19DF9-7A97-4458-8040-3C79C0E57B83} = {A14EEDA6-AD2C-4EA0-B34F-55F2BBBE5CB4}
		{C79862AA-B8EA-4A43-AF2F-63214ED8BBBA} = {4EE69F34-9D2E-4E37-AFB8-69A779EFFCE5}
		{0BBF0B5A-9B86-414E-A89E-D9156423C8AC} = {4EE69F34-9D2E-4E37-AFB8-69A779EFFCE5}
		{B89C467B-01F7-45C7-BAC5-16D5D7617515} = {4EE69F34-9D2E-4E37-AFB8-69A779EFFCE5}
		{B2CE9F55-BCC7-420E-B1A7-DE3CD59C05C1} = {4EE69F34-9D2E-4E37-AFB8-69A779EFFCE5}
		{165617FA-ED29-4383-859E-5EB503A0F950} = {9041D0F7-CBDC-4F7A-A70F-00E46FF751F5}
		{A2A4199E-6F99-492C-9667-DDEDCFE21E4D} = {06FED049-CC6A-4187-9A7A-19580D819757}
		{6D81872A-116B-48ED-A30F-FC5BB36D4009} = {06FED049-CC6A-4187-9A7A-19580D819757}
		{B3617506-3BDC-4AF3-A4D1-9544B55493F7} = {06FED049-CC6A-4187-9A7A-19580D819757}
		{974921A1-F79D-40B9-A8EC-B2B1B4200A67} = {06FED049-CC6A-4187-9A7A-19580D819757}
		{4A9113DE-4209-4E2A-B10A-E3AD3A627DAB} = {06FED049-CC6A-4187-9A7A-19580D819757}
		{EC75B9BF-CD25-4B11-BB0E-9C8EBADE3FA8} = {12017E4B-E40A-4760-8FFA-1E7DD82E8B47}
		{223AA3DE-6FE9-4907-B8A7-0D92E9BE38A4} = {12017E4B-E40A-4760-8FFA-1E7DD82E8B47}
		{53B29EFF-3A1A-48A2-A502-5DF207106B5F} = {12017E4B-E40A-4760-8FFA-1E7DD82E8B47}
		{FC6E7542-9192-454D-9A2A-44BBA807D724} = {12017E4B-E40A-4760-8FFA-1E7DD82E8B47}
		{C583EFF8-203A-4755-AFBC-160AFB52FB2A} = {12017E4B-E40A-4760-8FFA-1E7DD82E8B47}
	EndGlobalSection
	GlobalSection(ExtensibilityGlobals) = postSolution
		SolutionGuid = {DC997885-9172-4FBB-B95A-FB76C5EB2798}
	EndGlobalSection
EndGlobal
